// !$*UTF8*$!
{
	archiveVersion = 1;
	classes = {
	};
	objectVersion = 46;
	objects = {

/* Begin PBXBuildFile section */
		CE93FD611A65D5FA005BDA76 /* simulator.cpp in Sources */ = {isa = PBXBuildFile; fileRef = CE93FD481A65D27E005BDA76 /* simulator.cpp */; };
		CE93FD621A65D5FA005BDA76 /* Environment.cpp in Sources */ = {isa = PBXBuildFile; fileRef = CE7B05091A4220280022D473 /* Environment.cpp */; };
		CE93FD631A65D5FA005BDA76 /* Environment.h in Sources */ = {isa = PBXBuildFile; fileRef = CE7B050A1A4220280022D473 /* Environment.h */; };
		CE93FD641A65D5FA005BDA76 /* Track.cpp in Sources */ = {isa = PBXBuildFile; fileRef = CEA84B7B1A4219FA000AA8FB /* Track.cpp */; };
		CE93FD651A65D5FA005BDA76 /* Track.h in Sources */ = {isa = PBXBuildFile; fileRef = CEA84B7C1A4219FA000AA8FB /* Track.h */; };
		CE93FD661A65D5FA005BDA76 /* TrackedVehicle.cpp in Sources */ = {isa = PBXBuildFile; fileRef = CEA84B7D1A4219FA000AA8FB /* TrackedVehicle.cpp */; };
		CE93FD671A65D5FA005BDA76 /* TrackedVehicle.h in Sources */ = {isa = PBXBuildFile; fileRef = CEA84B7E1A4219FA000AA8FB /* TrackedVehicle.h */; };
		CE93FD681A65D5FA005BDA76 /* TrackKinematicModel.cpp in Sources */ = {isa = PBXBuildFile; fileRef = CEA84B7F1A4219FA000AA8FB /* TrackKinematicModel.cpp */; };
		CE93FD691A65D5FA005BDA76 /* TrackKinematicModel.h in Sources */ = {isa = PBXBuildFile; fileRef = CEA84B801A4219FA000AA8FB /* TrackKinematicModel.h */; };
		CE93FD6A1A65D5FA005BDA76 /* ODEUtils.cpp in Sources */ = {isa = PBXBuildFile; fileRef = CE067A511A43581F0046E5EF /* ODEUtils.cpp */; };
		CE93FD6B1A65D5FA005BDA76 /* ODEUtils.h in Sources */ = {isa = PBXBuildFile; fileRef = CE067A521A43581F0046E5EF /* ODEUtils.h */; };
		CE93FD6C1A65D614005BDA76 /* GLUT.framework in Frameworks */ = {isa = PBXBuildFile; fileRef = CE6C895C1A2F44BA0054F8E0 /* GLUT.framework */; };
		CE93FD6D1A65D614005BDA76 /* Cocoa.framework in Frameworks */ = {isa = PBXBuildFile; fileRef = CEE5557B1A2E0441000AB866 /* Cocoa.framework */; };
		CE93FD6E1A65D614005BDA76 /* CoreVideo.framework in Frameworks */ = {isa = PBXBuildFile; fileRef = CEE5557C1A2E0441000AB866 /* CoreVideo.framework */; };
		CE93FD6F1A65D614005BDA76 /* IOKit.framework in Frameworks */ = {isa = PBXBuildFile; fileRef = CEE5557D1A2E0441000AB866 /* IOKit.framework */; };
		CE93FD701A65D614005BDA76 /* OpenGL.framework in Frameworks */ = {isa = PBXBuildFile; fileRef = CEE5557E1A2E0441000AB866 /* OpenGL.framework */; };
		CE93FD711A65D61B005BDA76 /* GLUT.framework in Frameworks */ = {isa = PBXBuildFile; fileRef = CE6C895C1A2F44BA0054F8E0 /* GLUT.framework */; };
		CE93FD721A65D61B005BDA76 /* Cocoa.framework in Frameworks */ = {isa = PBXBuildFile; fileRef = CEE5557B1A2E0441000AB866 /* Cocoa.framework */; };
		CE93FD731A65D61B005BDA76 /* CoreVideo.framework in Frameworks */ = {isa = PBXBuildFile; fileRef = CEE5557C1A2E0441000AB866 /* CoreVideo.framework */; };
		CE93FD741A65D61B005BDA76 /* IOKit.framework in Frameworks */ = {isa = PBXBuildFile; fileRef = CEE5557D1A2E0441000AB866 /* IOKit.framework */; };
		CE93FD751A65D61B005BDA76 /* OpenGL.framework in Frameworks */ = {isa = PBXBuildFile; fileRef = CEE5557E1A2E0441000AB866 /* OpenGL.framework */; };
		CE93FD761A65D62E005BDA76 /* planner.cpp in Sources */ = {isa = PBXBuildFile; fileRef = CE93FD471A65D27E005BDA76 /* planner.cpp */; };
		CE93FD771A65D62E005BDA76 /* OMPLTVSControlSpace.cpp in Sources */ = {isa = PBXBuildFile; fileRef = CE46E41A1A56F08D00D11EFE /* OMPLTVSControlSpace.cpp */; };
		CE93FD781A65D62E005BDA76 /* OMPLTVSControlSpace.h in Sources */ = {isa = PBXBuildFile; fileRef = CE46E41B1A56F08D00D11EFE /* OMPLTVSControlSpace.h */; };
		CE93FD791A65D62E005BDA76 /* OMPLTVSEnvironment.cpp in Sources */ = {isa = PBXBuildFile; fileRef = CE46E41C1A56F08D00D11EFE /* OMPLTVSEnvironment.cpp */; };
		CE93FD7A1A65D62E005BDA76 /* OMPLTVSEnvironment.h in Sources */ = {isa = PBXBuildFile; fileRef = CE46E41D1A56F08D00D11EFE /* OMPLTVSEnvironment.h */; };
		CE93FD7B1A65D62E005BDA76 /* OMPLTVSSimpleSetup.cpp in Sources */ = {isa = PBXBuildFile; fileRef = CE46E41E1A56F08D00D11EFE /* OMPLTVSSimpleSetup.cpp */; };
		CE93FD7C1A65D62E005BDA76 /* OMPLTVSSimpleSetup.h in Sources */ = {isa = PBXBuildFile; fileRef = CE46E41F1A56F08D00D11EFE /* OMPLTVSSimpleSetup.h */; };
		CE93FD7D1A65D62E005BDA76 /* OMPLTVSStatePropagator.cpp in Sources */ = {isa = PBXBuildFile; fileRef = CE46E4201A56F08D00D11EFE /* OMPLTVSStatePropagator.cpp */; };
		CE93FD7E1A65D62E005BDA76 /* OMPLTVSStatePropagator.h in Sources */ = {isa = PBXBuildFile; fileRef = CE46E4211A56F08D00D11EFE /* OMPLTVSStatePropagator.h */; };
		CE93FD7F1A65D62E005BDA76 /* OMPLTVSStateSpace.cpp in Sources */ = {isa = PBXBuildFile; fileRef = CE46E4221A56F08D00D11EFE /* OMPLTVSStateSpace.cpp */; };
		CE93FD801A65D62E005BDA76 /* OMPLTVSStateSpace.h in Sources */ = {isa = PBXBuildFile; fileRef = CE46E4231A56F08D00D11EFE /* OMPLTVSStateSpace.h */; };
		CE93FD811A65D62E005BDA76 /* OMPLTVSStateValidityChecker.cpp in Sources */ = {isa = PBXBuildFile; fileRef = CE46E4241A56F08D00D11EFE /* OMPLTVSStateValidityChecker.cpp */; };
		CE93FD821A65D62E005BDA76 /* OMPLTVSStateValidityChecker.h in Sources */ = {isa = PBXBuildFile; fileRef = CE46E4251A56F08D00D11EFE /* OMPLTVSStateValidityChecker.h */; };
		CE93FD831A65D62E005BDA76 /* Environment.cpp in Sources */ = {isa = PBXBuildFile; fileRef = CE7B05091A4220280022D473 /* Environment.cpp */; };
		CE93FD841A65D62E005BDA76 /* Environment.h in Sources */ = {isa = PBXBuildFile; fileRef = CE7B050A1A4220280022D473 /* Environment.h */; };
		CE93FD851A65D62E005BDA76 /* Track.cpp in Sources */ = {isa = PBXBuildFile; fileRef = CEA84B7B1A4219FA000AA8FB /* Track.cpp */; };
		CE93FD861A65D62E005BDA76 /* Track.h in Sources */ = {isa = PBXBuildFile; fileRef = CEA84B7C1A4219FA000AA8FB /* Track.h */; };
		CE93FD871A65D62E005BDA76 /* TrackedVehicle.cpp in Sources */ = {isa = PBXBuildFile; fileRef = CEA84B7D1A4219FA000AA8FB /* TrackedVehicle.cpp */; };
		CE93FD881A65D62E005BDA76 /* TrackedVehicle.h in Sources */ = {isa = PBXBuildFile; fileRef = CEA84B7E1A4219FA000AA8FB /* TrackedVehicle.h */; };
		CE93FD891A65D62E005BDA76 /* TrackKinematicModel.cpp in Sources */ = {isa = PBXBuildFile; fileRef = CEA84B7F1A4219FA000AA8FB /* TrackKinematicModel.cpp */; };
		CE93FD8A1A65D62E005BDA76 /* TrackKinematicModel.h in Sources */ = {isa = PBXBuildFile; fileRef = CEA84B801A4219FA000AA8FB /* TrackKinematicModel.h */; };
		CE93FD8B1A65D62E005BDA76 /* ODEUtils.cpp in Sources */ = {isa = PBXBuildFile; fileRef = CE067A511A43581F0046E5EF /* ODEUtils.cpp */; };
		CE93FD8C1A65D62E005BDA76 /* ODEUtils.h in Sources */ = {isa = PBXBuildFile; fileRef = CE067A521A43581F0046E5EF /* ODEUtils.h */; };
		CEA6B41C1A67DFED0047EF8F /* search_vis.cpp in Sources */ = {isa = PBXBuildFile; fileRef = CEA6B40F1A67DB140047EF8F /* search_vis.cpp */; };
		CEA6B41D1A67DFED0047EF8F /* Environment.cpp in Sources */ = {isa = PBXBuildFile; fileRef = CE7B05091A4220280022D473 /* Environment.cpp */; };
		CEA6B41E1A67DFED0047EF8F /* Environment.h in Sources */ = {isa = PBXBuildFile; fileRef = CE7B050A1A4220280022D473 /* Environment.h */; };
		CEA6B41F1A67DFED0047EF8F /* Track.cpp in Sources */ = {isa = PBXBuildFile; fileRef = CEA84B7B1A4219FA000AA8FB /* Track.cpp */; };
		CEA6B4201A67DFED0047EF8F /* Track.h in Sources */ = {isa = PBXBuildFile; fileRef = CEA84B7C1A4219FA000AA8FB /* Track.h */; };
		CEA6B4211A67DFED0047EF8F /* TrackedVehicle.cpp in Sources */ = {isa = PBXBuildFile; fileRef = CEA84B7D1A4219FA000AA8FB /* TrackedVehicle.cpp */; };
		CEA6B4221A67DFED0047EF8F /* TrackedVehicle.h in Sources */ = {isa = PBXBuildFile; fileRef = CEA84B7E1A4219FA000AA8FB /* TrackedVehicle.h */; };
		CEA6B4231A67DFED0047EF8F /* TrackKinematicModel.cpp in Sources */ = {isa = PBXBuildFile; fileRef = CEA84B7F1A4219FA000AA8FB /* TrackKinematicModel.cpp */; };
		CEA6B4241A67DFED0047EF8F /* TrackKinematicModel.h in Sources */ = {isa = PBXBuildFile; fileRef = CEA84B801A4219FA000AA8FB /* TrackKinematicModel.h */; };
		CEA6B4251A67DFED0047EF8F /* ODEUtils.cpp in Sources */ = {isa = PBXBuildFile; fileRef = CE067A511A43581F0046E5EF /* ODEUtils.cpp */; };
		CEA6B4261A67DFED0047EF8F /* ODEUtils.h in Sources */ = {isa = PBXBuildFile; fileRef = CE067A521A43581F0046E5EF /* ODEUtils.h */; };
		CEA6B4271A67DFFC0047EF8F /* GLUT.framework in Frameworks */ = {isa = PBXBuildFile; fileRef = CE6C895C1A2F44BA0054F8E0 /* GLUT.framework */; };
		CEA6B4281A67DFFC0047EF8F /* Cocoa.framework in Frameworks */ = {isa = PBXBuildFile; fileRef = CEE5557B1A2E0441000AB866 /* Cocoa.framework */; };
		CEA6B4291A67DFFC0047EF8F /* CoreVideo.framework in Frameworks */ = {isa = PBXBuildFile; fileRef = CEE5557C1A2E0441000AB866 /* CoreVideo.framework */; };
		CEA6B42A1A67DFFC0047EF8F /* IOKit.framework in Frameworks */ = {isa = PBXBuildFile; fileRef = CEE5557D1A2E0441000AB866 /* IOKit.framework */; };
		CEA6B42B1A67DFFC0047EF8F /* OpenGL.framework in Frameworks */ = {isa = PBXBuildFile; fileRef = CEE5557E1A2E0441000AB866 /* OpenGL.framework */; };
		CEA6B42E1A6808A80047EF8F /* utils.cpp in Sources */ = {isa = PBXBuildFile; fileRef = CEA6B42C1A6808A80047EF8F /* utils.cpp */; };
		CEA6B42F1A6808A80047EF8F /* utils.cpp in Sources */ = {isa = PBXBuildFile; fileRef = CEA6B42C1A6808A80047EF8F /* utils.cpp */; };
		CEA6B4301A6808A80047EF8F /* utils.cpp in Sources */ = {isa = PBXBuildFile; fileRef = CEA6B42C1A6808A80047EF8F /* utils.cpp */; };
		CEA6B4331A6A8D250047EF8F /* SkidSteeringVehicle.cpp in Sources */ = {isa = PBXBuildFile; fileRef = CEA6B4311A6A8D250047EF8F /* SkidSteeringVehicle.cpp */; };
		CEA6B4341A6A8D250047EF8F /* SkidSteeringVehicle.cpp in Sources */ = {isa = PBXBuildFile; fileRef = CEA6B4311A6A8D250047EF8F /* SkidSteeringVehicle.cpp */; };
		CEA6B4351A6A8D250047EF8F /* SkidSteeringVehicle.cpp in Sources */ = {isa = PBXBuildFile; fileRef = CEA6B4311A6A8D250047EF8F /* SkidSteeringVehicle.cpp */; };
/* End PBXBuildFile section */

/* Begin PBXCopyFilesBuildPhase section */
		CE93FD4D1A65D2D8005BDA76 /* CopyFiles */ = {
			isa = PBXCopyFilesBuildPhase;
			buildActionMask = 2147483647;
			dstPath = /usr/share/man/man1/;
			dstSubfolderSpec = 0;
			files = (
			);
			runOnlyForDeploymentPostprocessing = 1;
		};
		CE93FD581A65D2E1005BDA76 /* CopyFiles */ = {
			isa = PBXCopyFilesBuildPhase;
			buildActionMask = 2147483647;
			dstPath = /usr/share/man/man1/;
			dstSubfolderSpec = 0;
			files = (
			);
			runOnlyForDeploymentPostprocessing = 1;
		};
		CEA6B4131A67DF280047EF8F /* CopyFiles */ = {
			isa = PBXCopyFilesBuildPhase;
			buildActionMask = 2147483647;
			dstPath = /usr/share/man/man1/;
			dstSubfolderSpec = 0;
			files = (
			);
			runOnlyForDeploymentPostprocessing = 1;
		};
/* End PBXCopyFilesBuildPhase section */

/* Begin PBXFileReference section */
		CE067A511A43581F0046E5EF /* ODEUtils.cpp */ = {isa = PBXFileReference; fileEncoding = 4; lastKnownFileType = sourcecode.cpp.cpp; name = ODEUtils.cpp; path = ../ODEUtils.cpp; sourceTree = "<group>"; };
		CE067A521A43581F0046E5EF /* ODEUtils.h */ = {isa = PBXFileReference; fileEncoding = 4; lastKnownFileType = sourcecode.c.h; name = ODEUtils.h; path = ../ODEUtils.h; sourceTree = "<group>"; };
		CE46E41A1A56F08D00D11EFE /* OMPLTVSControlSpace.cpp */ = {isa = PBXFileReference; fileEncoding = 4; lastKnownFileType = sourcecode.cpp.cpp; name = OMPLTVSControlSpace.cpp; path = ../OMPLTVSControlSpace.cpp; sourceTree = "<group>"; };
		CE46E41B1A56F08D00D11EFE /* OMPLTVSControlSpace.h */ = {isa = PBXFileReference; fileEncoding = 4; lastKnownFileType = sourcecode.c.h; name = OMPLTVSControlSpace.h; path = ../OMPLTVSControlSpace.h; sourceTree = "<group>"; };
		CE46E41C1A56F08D00D11EFE /* OMPLTVSEnvironment.cpp */ = {isa = PBXFileReference; fileEncoding = 4; lastKnownFileType = sourcecode.cpp.cpp; name = OMPLTVSEnvironment.cpp; path = ../OMPLTVSEnvironment.cpp; sourceTree = "<group>"; };
		CE46E41D1A56F08D00D11EFE /* OMPLTVSEnvironment.h */ = {isa = PBXFileReference; fileEncoding = 4; lastKnownFileType = sourcecode.c.h; name = OMPLTVSEnvironment.h; path = ../OMPLTVSEnvironment.h; sourceTree = "<group>"; };
		CE46E41E1A56F08D00D11EFE /* OMPLTVSSimpleSetup.cpp */ = {isa = PBXFileReference; fileEncoding = 4; lastKnownFileType = sourcecode.cpp.cpp; name = OMPLTVSSimpleSetup.cpp; path = ../OMPLTVSSimpleSetup.cpp; sourceTree = "<group>"; };
		CE46E41F1A56F08D00D11EFE /* OMPLTVSSimpleSetup.h */ = {isa = PBXFileReference; fileEncoding = 4; lastKnownFileType = sourcecode.c.h; name = OMPLTVSSimpleSetup.h; path = ../OMPLTVSSimpleSetup.h; sourceTree = "<group>"; };
		CE46E4201A56F08D00D11EFE /* OMPLTVSStatePropagator.cpp */ = {isa = PBXFileReference; fileEncoding = 4; lastKnownFileType = sourcecode.cpp.cpp; name = OMPLTVSStatePropagator.cpp; path = ../OMPLTVSStatePropagator.cpp; sourceTree = "<group>"; };
		CE46E4211A56F08D00D11EFE /* OMPLTVSStatePropagator.h */ = {isa = PBXFileReference; fileEncoding = 4; lastKnownFileType = sourcecode.c.h; name = OMPLTVSStatePropagator.h; path = ../OMPLTVSStatePropagator.h; sourceTree = "<group>"; };
		CE46E4221A56F08D00D11EFE /* OMPLTVSStateSpace.cpp */ = {isa = PBXFileReference; fileEncoding = 4; lastKnownFileType = sourcecode.cpp.cpp; name = OMPLTVSStateSpace.cpp; path = ../OMPLTVSStateSpace.cpp; sourceTree = "<group>"; };
		CE46E4231A56F08D00D11EFE /* OMPLTVSStateSpace.h */ = {isa = PBXFileReference; fileEncoding = 4; lastKnownFileType = sourcecode.c.h; name = OMPLTVSStateSpace.h; path = ../OMPLTVSStateSpace.h; sourceTree = "<group>"; };
		CE46E4241A56F08D00D11EFE /* OMPLTVSStateValidityChecker.cpp */ = {isa = PBXFileReference; fileEncoding = 4; lastKnownFileType = sourcecode.cpp.cpp; name = OMPLTVSStateValidityChecker.cpp; path = ../OMPLTVSStateValidityChecker.cpp; sourceTree = "<group>"; };
		CE46E4251A56F08D00D11EFE /* OMPLTVSStateValidityChecker.h */ = {isa = PBXFileReference; fileEncoding = 4; lastKnownFileType = sourcecode.c.h; name = OMPLTVSStateValidityChecker.h; path = ../OMPLTVSStateValidityChecker.h; sourceTree = "<group>"; };
		CE6C895C1A2F44BA0054F8E0 /* GLUT.framework */ = {isa = PBXFileReference; lastKnownFileType = wrapper.framework; name = GLUT.framework; path = ../../../../System/Library/Frameworks/GLUT.framework; sourceTree = "<group>"; };
		CE7B05091A4220280022D473 /* Environment.cpp */ = {isa = PBXFileReference; fileEncoding = 4; lastKnownFileType = sourcecode.cpp.cpp; name = Environment.cpp; path = ../Environment.cpp; sourceTree = "<group>"; };
		CE7B050A1A4220280022D473 /* Environment.h */ = {isa = PBXFileReference; fileEncoding = 4; lastKnownFileType = sourcecode.c.h; name = Environment.h; path = ../Environment.h; sourceTree = "<group>"; };
		CE93FD471A65D27E005BDA76 /* planner.cpp */ = {isa = PBXFileReference; fileEncoding = 4; lastKnownFileType = sourcecode.cpp.cpp; name = planner.cpp; path = ../planner.cpp; sourceTree = "<group>"; };
		CE93FD481A65D27E005BDA76 /* simulator.cpp */ = {isa = PBXFileReference; fileEncoding = 4; lastKnownFileType = sourcecode.cpp.cpp; name = simulator.cpp; path = ../simulator.cpp; sourceTree = "<group>"; };
		CE93FD4F1A65D2D8005BDA76 /* simulator */ = {isa = PBXFileReference; explicitFileType = "compiled.mach-o.executable"; includeInIndex = 0; path = simulator; sourceTree = BUILT_PRODUCTS_DIR; };
		CE93FD5A1A65D2E1005BDA76 /* planner */ = {isa = PBXFileReference; explicitFileType = "compiled.mach-o.executable"; includeInIndex = 0; path = planner; sourceTree = BUILT_PRODUCTS_DIR; };
		CEA6B40F1A67DB140047EF8F /* search_vis.cpp */ = {isa = PBXFileReference; fileEncoding = 4; lastKnownFileType = sourcecode.cpp.cpp; name = search_vis.cpp; path = ../search_vis.cpp; sourceTree = "<group>"; };
		CEA6B4151A67DF280047EF8F /* search_vis */ = {isa = PBXFileReference; explicitFileType = "compiled.mach-o.executable"; includeInIndex = 0; path = search_vis; sourceTree = BUILT_PRODUCTS_DIR; };
		CEA6B4171A67DF280047EF8F /* main.cpp */ = {isa = PBXFileReference; lastKnownFileType = sourcecode.cpp.cpp; path = main.cpp; sourceTree = "<group>"; };
		CEA6B42C1A6808A80047EF8F /* utils.cpp */ = {isa = PBXFileReference; fileEncoding = 4; lastKnownFileType = sourcecode.cpp.cpp; name = utils.cpp; path = ../utils.cpp; sourceTree = "<group>"; };
		CEA6B42D1A6808A80047EF8F /* utils.h */ = {isa = PBXFileReference; fileEncoding = 4; lastKnownFileType = sourcecode.c.h; name = utils.h; path = ../utils.h; sourceTree = "<group>"; };
		CEA6B4311A6A8D250047EF8F /* SkidSteeringVehicle.cpp */ = {isa = PBXFileReference; fileEncoding = 4; lastKnownFileType = sourcecode.cpp.cpp; name = SkidSteeringVehicle.cpp; path = ../SkidSteeringVehicle.cpp; sourceTree = "<group>"; };
		CEA6B4321A6A8D250047EF8F /* SkidSteeringVehicle.h */ = {isa = PBXFileReference; fileEncoding = 4; lastKnownFileType = sourcecode.c.h; name = SkidSteeringVehicle.h; path = ../SkidSteeringVehicle.h; sourceTree = "<group>"; };
		CEA84B741A4219FA000AA8FB /* Heightfield.cpp */ = {isa = PBXFileReference; fileEncoding = 4; lastKnownFileType = sourcecode.cpp.cpp; name = Heightfield.cpp; path = ../Heightfield.cpp; sourceTree = "<group>"; };
		CEA84B751A4219FA000AA8FB /* Heightfield.h */ = {isa = PBXFileReference; fileEncoding = 4; lastKnownFileType = sourcecode.c.h; name = Heightfield.h; path = ../Heightfield.h; sourceTree = "<group>"; };
		CEA84B791A4219FA000AA8FB /* PointCloud.cpp */ = {isa = PBXFileReference; fileEncoding = 4; lastKnownFileType = sourcecode.cpp.cpp; name = PointCloud.cpp; path = ../PointCloud.cpp; sourceTree = "<group>"; };
		CEA84B7A1A4219FA000AA8FB /* PointCloud.h */ = {isa = PBXFileReference; fileEncoding = 4; lastKnownFileType = sourcecode.c.h; name = PointCloud.h; path = ../PointCloud.h; sourceTree = "<group>"; };
		CEA84B7B1A4219FA000AA8FB /* Track.cpp */ = {isa = PBXFileReference; fileEncoding = 4; lastKnownFileType = sourcecode.cpp.cpp; name = Track.cpp; path = ../Track.cpp; sourceTree = "<group>"; };
		CEA84B7C1A4219FA000AA8FB /* Track.h */ = {isa = PBXFileReference; fileEncoding = 4; lastKnownFileType = sourcecode.c.h; name = Track.h; path = ../Track.h; sourceTree = "<group>"; };
		CEA84B7D1A4219FA000AA8FB /* TrackedVehicle.cpp */ = {isa = PBXFileReference; fileEncoding = 4; lastKnownFileType = sourcecode.cpp.cpp; name = TrackedVehicle.cpp; path = ../TrackedVehicle.cpp; sourceTree = "<group>"; };
		CEA84B7E1A4219FA000AA8FB /* TrackedVehicle.h */ = {isa = PBXFileReference; fileEncoding = 4; lastKnownFileType = sourcecode.c.h; name = TrackedVehicle.h; path = ../TrackedVehicle.h; sourceTree = "<group>"; };
		CEA84B7F1A4219FA000AA8FB /* TrackKinematicModel.cpp */ = {isa = PBXFileReference; fileEncoding = 4; lastKnownFileType = sourcecode.cpp.cpp; name = TrackKinematicModel.cpp; path = ../TrackKinematicModel.cpp; sourceTree = "<group>"; };
		CEA84B801A4219FA000AA8FB /* TrackKinematicModel.h */ = {isa = PBXFileReference; fileEncoding = 4; lastKnownFileType = sourcecode.c.h; name = TrackKinematicModel.h; path = ../TrackKinematicModel.h; sourceTree = "<group>"; };
		CEA84B831A4219FA000AA8FB /* fe.c */ = {isa = PBXFileReference; fileEncoding = 4; lastKnownFileType = sourcecode.c.c; name = fe.c; path = ../fe.c; sourceTree = "<group>"; };
		CEE5557B1A2E0441000AB866 /* Cocoa.framework */ = {isa = PBXFileReference; lastKnownFileType = wrapper.framework; name = Cocoa.framework; path = ../../../../System/Library/Frameworks/Cocoa.framework; sourceTree = "<group>"; };
		CEE5557C1A2E0441000AB866 /* CoreVideo.framework */ = {isa = PBXFileReference; lastKnownFileType = wrapper.framework; name = CoreVideo.framework; path = ../../../../System/Library/Frameworks/CoreVideo.framework; sourceTree = "<group>"; };
		CEE5557D1A2E0441000AB866 /* IOKit.framework */ = {isa = PBXFileReference; lastKnownFileType = wrapper.framework; name = IOKit.framework; path = ../../../../System/Library/Frameworks/IOKit.framework; sourceTree = "<group>"; };
		CEE5557E1A2E0441000AB866 /* OpenGL.framework */ = {isa = PBXFileReference; lastKnownFileType = wrapper.framework; name = OpenGL.framework; path = ../../../../System/Library/Frameworks/OpenGL.framework; sourceTree = "<group>"; };
/* End PBXFileReference section */

/* Begin PBXFrameworksBuildPhase section */
		CE93FD4C1A65D2D8005BDA76 /* Frameworks */ = {
			isa = PBXFrameworksBuildPhase;
			buildActionMask = 2147483647;
			files = (
				CE93FD6C1A65D614005BDA76 /* GLUT.framework in Frameworks */,
				CE93FD6D1A65D614005BDA76 /* Cocoa.framework in Frameworks */,
				CE93FD6E1A65D614005BDA76 /* CoreVideo.framework in Frameworks */,
				CE93FD6F1A65D614005BDA76 /* IOKit.framework in Frameworks */,
				CE93FD701A65D614005BDA76 /* OpenGL.framework in Frameworks */,
			);
			runOnlyForDeploymentPostprocessing = 0;
		};
		CE93FD571A65D2E1005BDA76 /* Frameworks */ = {
			isa = PBXFrameworksBuildPhase;
			buildActionMask = 2147483647;
			files = (
				CE93FD711A65D61B005BDA76 /* GLUT.framework in Frameworks */,
				CE93FD721A65D61B005BDA76 /* Cocoa.framework in Frameworks */,
				CE93FD731A65D61B005BDA76 /* CoreVideo.framework in Frameworks */,
				CE93FD741A65D61B005BDA76 /* IOKit.framework in Frameworks */,
				CE93FD751A65D61B005BDA76 /* OpenGL.framework in Frameworks */,
			);
			runOnlyForDeploymentPostprocessing = 0;
		};
		CEA6B4121A67DF280047EF8F /* Frameworks */ = {
			isa = PBXFrameworksBuildPhase;
			buildActionMask = 2147483647;
			files = (
				CEA6B4271A67DFFC0047EF8F /* GLUT.framework in Frameworks */,
				CEA6B4281A67DFFC0047EF8F /* Cocoa.framework in Frameworks */,
				CEA6B4291A67DFFC0047EF8F /* CoreVideo.framework in Frameworks */,
				CEA6B42A1A67DFFC0047EF8F /* IOKit.framework in Frameworks */,
				CEA6B42B1A67DFFC0047EF8F /* OpenGL.framework in Frameworks */,
			);
			runOnlyForDeploymentPostprocessing = 0;
		};
/* End PBXFrameworksBuildPhase section */

/* Begin PBXGroup section */
		CE9893941A2C8ED300E79C12 = {
			isa = PBXGroup;
			children = (
				CE6C895C1A2F44BA0054F8E0 /* GLUT.framework */,
				CEE5557B1A2E0441000AB866 /* Cocoa.framework */,
				CEE5557C1A2E0441000AB866 /* CoreVideo.framework */,
				CEE5557D1A2E0441000AB866 /* IOKit.framework */,
				CEE5557E1A2E0441000AB866 /* OpenGL.framework */,
				CEE555711A2C8F80000AB866 /* src */,
				CEA6B4161A67DF280047EF8F /* search_vis */,
				CE98939E1A2C8ED300E79C12 /* Products */,
			);
			sourceTree = "<group>";
		};
		CE98939E1A2C8ED300E79C12 /* Products */ = {
			isa = PBXGroup;
			children = (
				CE93FD4F1A65D2D8005BDA76 /* simulator */,
				CE93FD5A1A65D2E1005BDA76 /* planner */,
				CEA6B4151A67DF280047EF8F /* search_vis */,
			);
			name = Products;
			sourceTree = "<group>";
		};
		CEA6B4161A67DF280047EF8F /* search_vis */ = {
			isa = PBXGroup;
			children = (
				CEA6B4171A67DF280047EF8F /* main.cpp */,
			);
			path = search_vis;
			sourceTree = "<group>";
		};
		CEE555711A2C8F80000AB866 /* src */ = {
			isa = PBXGroup;
			children = (
				CEA6B42C1A6808A80047EF8F /* utils.cpp */,
				CEA6B42D1A6808A80047EF8F /* utils.h */,
				CEA6B40F1A67DB140047EF8F /* search_vis.cpp */,
				CE93FD471A65D27E005BDA76 /* planner.cpp */,
				CE93FD481A65D27E005BDA76 /* simulator.cpp */,
				CE46E41A1A56F08D00D11EFE /* OMPLTVSControlSpace.cpp */,
				CE46E41B1A56F08D00D11EFE /* OMPLTVSControlSpace.h */,
				CE46E41C1A56F08D00D11EFE /* OMPLTVSEnvironment.cpp */,
				CE46E41D1A56F08D00D11EFE /* OMPLTVSEnvironment.h */,
				CE46E41E1A56F08D00D11EFE /* OMPLTVSSimpleSetup.cpp */,
				CE46E41F1A56F08D00D11EFE /* OMPLTVSSimpleSetup.h */,
				CE46E4201A56F08D00D11EFE /* OMPLTVSStatePropagator.cpp */,
				CE46E4211A56F08D00D11EFE /* OMPLTVSStatePropagator.h */,
				CE46E4221A56F08D00D11EFE /* OMPLTVSStateSpace.cpp */,
				CE46E4231A56F08D00D11EFE /* OMPLTVSStateSpace.h */,
				CE46E4241A56F08D00D11EFE /* OMPLTVSStateValidityChecker.cpp */,
				CE46E4251A56F08D00D11EFE /* OMPLTVSStateValidityChecker.h */,
				CE7B05091A4220280022D473 /* Environment.cpp */,
				CE7B050A1A4220280022D473 /* Environment.h */,
				CEA84B741A4219FA000AA8FB /* Heightfield.cpp */,
				CEA84B751A4219FA000AA8FB /* Heightfield.h */,
				CEA84B791A4219FA000AA8FB /* PointCloud.cpp */,
				CEA84B7A1A4219FA000AA8FB /* PointCloud.h */,
				CEA6B4311A6A8D250047EF8F /* SkidSteeringVehicle.cpp */,
				CEA6B4321A6A8D250047EF8F /* SkidSteeringVehicle.h */,
				CEA84B7B1A4219FA000AA8FB /* Track.cpp */,
				CEA84B7C1A4219FA000AA8FB /* Track.h */,
				CEA84B7D1A4219FA000AA8FB /* TrackedVehicle.cpp */,
				CEA84B7E1A4219FA000AA8FB /* TrackedVehicle.h */,
				CEA84B7F1A4219FA000AA8FB /* TrackKinematicModel.cpp */,
				CEA84B801A4219FA000AA8FB /* TrackKinematicModel.h */,
				CEA84B831A4219FA000AA8FB /* fe.c */,
				CE067A511A43581F0046E5EF /* ODEUtils.cpp */,
				CE067A521A43581F0046E5EF /* ODEUtils.h */,
			);
			name = src;
			sourceTree = "<group>";
		};
/* End PBXGroup section */

/* Begin PBXNativeTarget section */
		CE93FD4E1A65D2D8005BDA76 /* simulator */ = {
			isa = PBXNativeTarget;
			buildConfigurationList = CE93FD531A65D2D8005BDA76 /* Build configuration list for PBXNativeTarget "simulator" */;
			buildPhases = (
				CE93FD4B1A65D2D8005BDA76 /* Sources */,
				CE93FD4C1A65D2D8005BDA76 /* Frameworks */,
				CE93FD4D1A65D2D8005BDA76 /* CopyFiles */,
			);
			buildRules = (
			);
			dependencies = (
			);
			name = simulator;
			productName = simulator;
			productReference = CE93FD4F1A65D2D8005BDA76 /* simulator */;
			productType = "com.apple.product-type.tool";
		};
		CE93FD591A65D2E1005BDA76 /* planner */ = {
			isa = PBXNativeTarget;
			buildConfigurationList = CE93FD5E1A65D2E1005BDA76 /* Build configuration list for PBXNativeTarget "planner" */;
			buildPhases = (
				CE93FD561A65D2E1005BDA76 /* Sources */,
				CE93FD571A65D2E1005BDA76 /* Frameworks */,
				CE93FD581A65D2E1005BDA76 /* CopyFiles */,
			);
			buildRules = (
			);
			dependencies = (
			);
			name = planner;
			productName = planner;
			productReference = CE93FD5A1A65D2E1005BDA76 /* planner */;
			productType = "com.apple.product-type.tool";
		};
		CEA6B4141A67DF280047EF8F /* search_vis */ = {
			isa = PBXNativeTarget;
			buildConfigurationList = CEA6B4191A67DF280047EF8F /* Build configuration list for PBXNativeTarget "search_vis" */;
			buildPhases = (
				CEA6B4111A67DF280047EF8F /* Sources */,
				CEA6B4121A67DF280047EF8F /* Frameworks */,
				CEA6B4131A67DF280047EF8F /* CopyFiles */,
			);
			buildRules = (
			);
			dependencies = (
			);
			name = search_vis;
			productName = search_vis;
			productReference = CEA6B4151A67DF280047EF8F /* search_vis */;
			productType = "com.apple.product-type.tool";
		};
/* End PBXNativeTarget section */

/* Begin PBXProject section */
		CE9893951A2C8ED300E79C12 /* Project object */ = {
			isa = PBXProject;
			attributes = {
				LastUpgradeCheck = 0610;
				ORGANIZATIONNAME = "Federico Ferri";
				TargetAttributes = {
					CE93FD4E1A65D2D8005BDA76 = {
						CreatedOnToolsVersion = 6.1.1;
					};
					CE93FD591A65D2E1005BDA76 = {
						CreatedOnToolsVersion = 6.1.1;
					};
					CEA6B4141A67DF280047EF8F = {
						CreatedOnToolsVersion = 6.1.1;
					};
				};
			};
			buildConfigurationList = CE9893981A2C8ED300E79C12 /* Build configuration list for PBXProject "tvs" */;
			compatibilityVersion = "Xcode 3.2";
			developmentRegion = English;
			hasScannedForEncodings = 0;
			knownRegions = (
				en,
			);
			mainGroup = CE9893941A2C8ED300E79C12;
			productRefGroup = CE98939E1A2C8ED300E79C12 /* Products */;
			projectDirPath = "";
			projectRoot = "";
			targets = (
				CE93FD4E1A65D2D8005BDA76 /* simulator */,
				CE93FD591A65D2E1005BDA76 /* planner */,
				CEA6B4141A67DF280047EF8F /* search_vis */,
			);
		};
/* End PBXProject section */

/* Begin PBXSourcesBuildPhase section */
		CE93FD4B1A65D2D8005BDA76 /* Sources */ = {
			isa = PBXSourcesBuildPhase;
			buildActionMask = 2147483647;
			files = (
				CE93FD611A65D5FA005BDA76 /* simulator.cpp in Sources */,
				CEA6B4331A6A8D250047EF8F /* SkidSteeringVehicle.cpp in Sources */,
				CE93FD621A65D5FA005BDA76 /* Environment.cpp in Sources */,
				CE93FD631A65D5FA005BDA76 /* Environment.h in Sources */,
				CEA6B42E1A6808A80047EF8F /* utils.cpp in Sources */,
				CE93FD641A65D5FA005BDA76 /* Track.cpp in Sources */,
				CE93FD651A65D5FA005BDA76 /* Track.h in Sources */,
				CE93FD661A65D5FA005BDA76 /* TrackedVehicle.cpp in Sources */,
				CE93FD671A65D5FA005BDA76 /* TrackedVehicle.h in Sources */,
				CE93FD681A65D5FA005BDA76 /* TrackKinematicModel.cpp in Sources */,
				CE93FD691A65D5FA005BDA76 /* TrackKinematicModel.h in Sources */,
				CE93FD6A1A65D5FA005BDA76 /* ODEUtils.cpp in Sources */,
				CE93FD6B1A65D5FA005BDA76 /* ODEUtils.h in Sources */,
			);
			runOnlyForDeploymentPostprocessing = 0;
		};
		CE93FD561A65D2E1005BDA76 /* Sources */ = {
			isa = PBXSourcesBuildPhase;
			buildActionMask = 2147483647;
			files = (
				CEA6B4341A6A8D250047EF8F /* SkidSteeringVehicle.cpp in Sources */,
				CE93FD761A65D62E005BDA76 /* planner.cpp in Sources */,
				CE93FD771A65D62E005BDA76 /* OMPLTVSControlSpace.cpp in Sources */,
				CE93FD781A65D62E005BDA76 /* OMPLTVSControlSpace.h in Sources */,
				CEA6B42F1A6808A80047EF8F /* utils.cpp in Sources */,
				CE93FD791A65D62E005BDA76 /* OMPLTVSEnvironment.cpp in Sources */,
				CE93FD7A1A65D62E005BDA76 /* OMPLTVSEnvironment.h in Sources */,
				CE93FD7B1A65D62E005BDA76 /* OMPLTVSSimpleSetup.cpp in Sources */,
				CE93FD7C1A65D62E005BDA76 /* OMPLTVSSimpleSetup.h in Sources */,
				CE93FD7D1A65D62E005BDA76 /* OMPLTVSStatePropagator.cpp in Sources */,
				CE93FD7E1A65D62E005BDA76 /* OMPLTVSStatePropagator.h in Sources */,
				CE93FD7F1A65D62E005BDA76 /* OMPLTVSStateSpace.cpp in Sources */,
				CE93FD801A65D62E005BDA76 /* OMPLTVSStateSpace.h in Sources */,
				CE93FD811A65D62E005BDA76 /* OMPLTVSStateValidityChecker.cpp in Sources */,
				CE93FD821A65D62E005BDA76 /* OMPLTVSStateValidityChecker.h in Sources */,
				CE93FD831A65D62E005BDA76 /* Environment.cpp in Sources */,
				CE93FD841A65D62E005BDA76 /* Environment.h in Sources */,
				CE93FD851A65D62E005BDA76 /* Track.cpp in Sources */,
				CE93FD861A65D62E005BDA76 /* Track.h in Sources */,
				CE93FD871A65D62E005BDA76 /* TrackedVehicle.cpp in Sources */,
				CE93FD881A65D62E005BDA76 /* TrackedVehicle.h in Sources */,
				CE93FD891A65D62E005BDA76 /* TrackKinematicModel.cpp in Sources */,
				CE93FD8A1A65D62E005BDA76 /* TrackKinematicModel.h in Sources */,
				CE93FD8B1A65D62E005BDA76 /* ODEUtils.cpp in Sources */,
				CE93FD8C1A65D62E005BDA76 /* ODEUtils.h in Sources */,
			);
			runOnlyForDeploymentPostprocessing = 0;
		};
		CEA6B4111A67DF280047EF8F /* Sources */ = {
			isa = PBXSourcesBuildPhase;
			buildActionMask = 2147483647;
			files = (
				CEA6B41C1A67DFED0047EF8F /* search_vis.cpp in Sources */,
				CEA6B4351A6A8D250047EF8F /* SkidSteeringVehicle.cpp in Sources */,
				CEA6B41D1A67DFED0047EF8F /* Environment.cpp in Sources */,
				CEA6B41E1A67DFED0047EF8F /* Environment.h in Sources */,
				CEA6B4301A6808A80047EF8F /* utils.cpp in Sources */,
				CEA6B41F1A67DFED0047EF8F /* Track.cpp in Sources */,
				CEA6B4201A67DFED0047EF8F /* Track.h in Sources */,
				CEA6B4211A67DFED0047EF8F /* TrackedVehicle.cpp in Sources */,
				CEA6B4221A67DFED0047EF8F /* TrackedVehicle.h in Sources */,
				CEA6B4231A67DFED0047EF8F /* TrackKinematicModel.cpp in Sources */,
				CEA6B4241A67DFED0047EF8F /* TrackKinematicModel.h in Sources */,
				CEA6B4251A67DFED0047EF8F /* ODEUtils.cpp in Sources */,
				CEA6B4261A67DFED0047EF8F /* ODEUtils.h in Sources */,
			);
			runOnlyForDeploymentPostprocessing = 0;
		};
/* End PBXSourcesBuildPhase section */

/* Begin XCBuildConfiguration section */
		CE93FD541A65D2D8005BDA76 /* Debug */ = {
			isa = XCBuildConfiguration;
			buildSettings = {
				GCC_PREPROCESSOR_DEFINITIONS = (
					OSX,
					AMD64,
					DEBUG,
					"DRAWSTUFF_TEXTURE_PATH=\\\"$(SRCROOT)/../textures\\\"",
					"CONFIG_PATH=\\\"$(SRCROOT)/..\\\"",
					_THREAD_SAFE,
				);
				HEADER_SEARCH_PATHS = (
					"$(inherited)",
					/Applications/Xcode.app/Contents/Developer/Toolchains/XcodeDefault.xctoolchain/usr/include,
					"$(SRCROOT)/../../ode/include",
					/opt/local/include,
					/opt/local/include/SDL2,
				);
				LIBRARY_SEARCH_PATHS = (
					"$(SRCROOT)/../../ode/ode/src/.libs",
					"$(SRCROOT)/../../ode/drawstuff/src/.libs",
					/opt/local/lib,
				);
				OTHER_LDFLAGS = (
					"-lode",
					"-ldrawstuff",
					"-lboost_system-mt",
					"-lboost_thread-mt",
					"-lSDL2",
				);
				PRODUCT_NAME = "$(TARGET_NAME)";
			};
			name = Debug;
		};
		CE93FD551A65D2D8005BDA76 /* Release */ = {
			isa = XCBuildConfiguration;
			buildSettings = {
				GCC_PREPROCESSOR_DEFINITIONS = (
					OSX,
					AMD64,
					"DRAWSTUFF_TEXTURE_PATH=\\\"$(SRCROOT)/../textures\\\"",
					"CONFIG_PATH=\\\"$(SRCROOT)/..\\\"",
					_THREAD_SAFE,
				);
				HEADER_SEARCH_PATHS = (
					"$(inherited)",
					/Applications/Xcode.app/Contents/Developer/Toolchains/XcodeDefault.xctoolchain/usr/include,
					"$(SRCROOT)/../../ode/include",
					/opt/local/include,
					/opt/local/include/SDL2,
				);
				LIBRARY_SEARCH_PATHS = (
					"$(SRCROOT)/../../ode/ode/src/.libs",
					"$(SRCROOT)/../../ode/drawstuff/src/.libs",
					/opt/local/lib,
				);
				OTHER_LDFLAGS = (
					"-lode",
					"-ldrawstuff",
					"-lboost_system-mt",
					"-lboost_thread-mt",
					"-lSDL2",
				);
				PRODUCT_NAME = "$(TARGET_NAME)";
			};
			name = Release;
		};
		CE93FD5F1A65D2E1005BDA76 /* Debug */ = {
			isa = XCBuildConfiguration;
			buildSettings = {
				GCC_PREPROCESSOR_DEFINITIONS = (
					OSX,
					AMD64,
					DEBUG,
					"DRAWSTUFF_TEXTURE_PATH=\\\"$(SRCROOT)/../textures\\\"",
					"CONFIG_PATH=\\\"$(SRCROOT)/..\\\"",
				);
				HEADER_SEARCH_PATHS = (
					"$(inherited)",
					/Applications/Xcode.app/Contents/Developer/Toolchains/XcodeDefault.xctoolchain/usr/include,
					"$(SRCROOT)/../../ode/include",
					/opt/local/include,
				);
				LIBRARY_SEARCH_PATHS = (
					"$(SRCROOT)/../../ode/ode/src/.libs",
					"$(SRCROOT)/../../ode/drawstuff/src/.libs",
					/opt/local/lib,
				);
				OTHER_LDFLAGS = (
					"-lompl",
					"-lode",
					"-ldrawstuff",
					"-lboost_system-mt",
					"-lboost_thread-mt",
					"-lboost_filesystem-mt",
				);
				PRODUCT_NAME = "$(TARGET_NAME)";
			};
			name = Debug;
		};
		CE93FD601A65D2E1005BDA76 /* Release */ = {
			isa = XCBuildConfiguration;
			buildSettings = {
				GCC_PREPROCESSOR_DEFINITIONS = (
					OSX,
					AMD64,
					"DRAWSTUFF_TEXTURE_PATH=\\\"$(SRCROOT)/../textures\\\"",
					"CONFIG_PATH=\\\"$(SRCROOT)/..\\\"",
				);
				HEADER_SEARCH_PATHS = (
					"$(inherited)",
					/Applications/Xcode.app/Contents/Developer/Toolchains/XcodeDefault.xctoolchain/usr/include,
					"$(SRCROOT)/../../ode/include",
					/opt/local/include,
				);
				LIBRARY_SEARCH_PATHS = (
					"$(SRCROOT)/../../ode/ode/src/.libs",
					"$(SRCROOT)/../../ode/drawstuff/src/.libs",
					/opt/local/lib,
				);
				OTHER_LDFLAGS = (
					"-lompl",
					"-lode",
					"-ldrawstuff",
					"-lboost_system-mt",
					"-lboost_thread-mt",
					"-lboost_filesystem-mt",
				);
				PRODUCT_NAME = "$(TARGET_NAME)";
			};
			name = Release;
		};
		CE9893A21A2C8ED300E79C12 /* Debug */ = {
			isa = XCBuildConfiguration;
			buildSettings = {
				ALWAYS_SEARCH_USER_PATHS = NO;
				CLANG_CXX_LANGUAGE_STANDARD = "gnu++0x";
				CLANG_CXX_LIBRARY = "libc++";
				CLANG_ENABLE_MODULES = YES;
				CLANG_ENABLE_OBJC_ARC = YES;
				CLANG_WARN_BOOL_CONVERSION = YES;
				CLANG_WARN_CONSTANT_CONVERSION = YES;
				CLANG_WARN_DIRECT_OBJC_ISA_USAGE = YES_ERROR;
				CLANG_WARN_EMPTY_BODY = YES;
				CLANG_WARN_ENUM_CONVERSION = YES;
				CLANG_WARN_INT_CONVERSION = YES;
				CLANG_WARN_OBJC_ROOT_CLASS = YES_ERROR;
				CLANG_WARN_UNREACHABLE_CODE = YES;
				CLANG_WARN__DUPLICATE_METHOD_MATCH = YES;
				COPY_PHASE_STRIP = NO;
				ENABLE_STRICT_OBJC_MSGSEND = YES;
				GCC_C_LANGUAGE_STANDARD = gnu99;
				GCC_DYNAMIC_NO_PIC = NO;
				GCC_OPTIMIZATION_LEVEL = 0;
				GCC_PREPROCESSOR_DEFINITIONS = (
					"DEBUG=1",
					"$(inherited)",
				);
				GCC_SYMBOLS_PRIVATE_EXTERN = NO;
				GCC_WARN_64_TO_32_BIT_CONVERSION = YES;
				GCC_WARN_ABOUT_RETURN_TYPE = YES_ERROR;
				GCC_WARN_UNDECLARED_SELECTOR = YES;
				GCC_WARN_UNINITIALIZED_AUTOS = YES_AGGRESSIVE;
				GCC_WARN_UNUSED_FUNCTION = YES;
				GCC_WARN_UNUSED_VARIABLE = YES;
				MACOSX_DEPLOYMENT_TARGET = 10.10;
				MTL_ENABLE_DEBUG_INFO = YES;
				ONLY_ACTIVE_ARCH = YES;
				SDKROOT = macosx;
			};
			name = Debug;
		};
		CE9893A31A2C8ED300E79C12 /* Release */ = {
			isa = XCBuildConfiguration;
			buildSettings = {
				ALWAYS_SEARCH_USER_PATHS = NO;
				CLANG_CXX_LANGUAGE_STANDARD = "gnu++0x";
				CLANG_CXX_LIBRARY = "libc++";
				CLANG_ENABLE_MODULES = YES;
				CLANG_ENABLE_OBJC_ARC = YES;
				CLANG_WARN_BOOL_CONVERSION = YES;
				CLANG_WARN_CONSTANT_CONVERSION = YES;
				CLANG_WARN_DIRECT_OBJC_ISA_USAGE = YES_ERROR;
				CLANG_WARN_EMPTY_BODY = YES;
				CLANG_WARN_ENUM_CONVERSION = YES;
				CLANG_WARN_INT_CONVERSION = YES;
				CLANG_WARN_OBJC_ROOT_CLASS = YES_ERROR;
				CLANG_WARN_UNREACHABLE_CODE = YES;
				CLANG_WARN__DUPLICATE_METHOD_MATCH = YES;
				COPY_PHASE_STRIP = YES;
				DEBUG_INFORMATION_FORMAT = "dwarf-with-dsym";
				ENABLE_NS_ASSERTIONS = NO;
				ENABLE_STRICT_OBJC_MSGSEND = YES;
				GCC_C_LANGUAGE_STANDARD = gnu99;
				GCC_WARN_64_TO_32_BIT_CONVERSION = YES;
				GCC_WARN_ABOUT_RETURN_TYPE = YES_ERROR;
				GCC_WARN_UNDECLARED_SELECTOR = YES;
				GCC_WARN_UNINITIALIZED_AUTOS = YES_AGGRESSIVE;
				GCC_WARN_UNUSED_FUNCTION = YES;
				GCC_WARN_UNUSED_VARIABLE = YES;
				MACOSX_DEPLOYMENT_TARGET = 10.10;
				MTL_ENABLE_DEBUG_INFO = NO;
				SDKROOT = macosx;
			};
			name = Release;
		};
		CEA6B41A1A67DF280047EF8F /* Debug */ = {
			isa = XCBuildConfiguration;
			buildSettings = {
				GCC_PREPROCESSOR_DEFINITIONS = (
					OSX,
					AMD64,
					DEBUG,
					"DRAWSTUFF_TEXTURE_PATH=\\\"$(SRCROOT)/../textures\\\"",
					"CONFIG_PATH=\\\"$(SRCROOT)/..\\\"",
					_THREAD_SAFE,
				);
				HEADER_SEARCH_PATHS = (
					"$(inherited)",
					/Applications/Xcode.app/Contents/Developer/Toolchains/XcodeDefault.xctoolchain/usr/include,
					"$(SRCROOT)/../../ode/include",
					/opt/local/include,
					/opt/local/include/SDL2,
				);
				LIBRARY_SEARCH_PATHS = (
					"$(SRCROOT)/../../ode/ode/src/.libs",
					"$(SRCROOT)/../../ode/drawstuff/src/.libs",
					/opt/local/lib,
				);
				OTHER_LDFLAGS = (
					"-lode",
					"-ldrawstuff",
					"-lboost_system-mt",
					"-lboost_thread-mt",
					"-lboost_filesystem-mt",
				);
				PRODUCT_NAME = "$(TARGET_NAME)";
			};
			name = Debug;
		};
		CEA6B41B1A67DF280047EF8F /* Release */ = {
			isa = XCBuildConfiguration;
			buildSettings = {
				GCC_PREPROCESSOR_DEFINITIONS = (
					OSX,
					AMD64,
					"DRAWSTUFF_TEXTURE_PATH=\\\"$(SRCROOT)/../textures\\\"",
					"CONFIG_PATH=\\\"$(SRCROOT)/..\\\"",
					_THREAD_SAFE,
				);
				HEADER_SEARCH_PATHS = (
					"$(inherited)",
					/Applications/Xcode.app/Contents/Developer/Toolchains/XcodeDefault.xctoolchain/usr/include,
					"$(SRCROOT)/../../ode/include",
					/opt/local/include,
					/opt/local/include/SDL2,
				);
				LIBRARY_SEARCH_PATHS = (
					"$(SRCROOT)/../../ode/ode/src/.libs",
					"$(SRCROOT)/../../ode/drawstuff/src/.libs",
					/opt/local/lib,
				);
				OTHER_LDFLAGS = (
					"-lode",
					"-ldrawstuff",
					"-lboost_system-mt",
					"-lboost_thread-mt",
					"-lboost_filesystem-mt",
				);
				PRODUCT_NAME = "$(TARGET_NAME)";
			};
			name = Release;
		};
/* End XCBuildConfiguration section */

/* Begin XCConfigurationList section */
		CE93FD531A65D2D8005BDA76 /* Build configuration list for PBXNativeTarget "simulator" */ = {
			isa = XCConfigurationList;
			buildConfigurations = (
				CE93FD541A65D2D8005BDA76 /* Debug */,
				CE93FD551A65D2D8005BDA76 /* Release */,
			);
			defaultConfigurationIsVisible = 0;
			defaultConfigurationName = Release;
		};
		CE93FD5E1A65D2E1005BDA76 /* Build configuration list for PBXNativeTarget "planner" */ = {
			isa = XCConfigurationList;
			buildConfigurations = (
				CE93FD5F1A65D2E1005BDA76 /* Debug */,
				CE93FD601A65D2E1005BDA76 /* Release */,
			);
			defaultConfigurationIsVisible = 0;
			defaultConfigurationName = Release;
		};
		CE9893981A2C8ED300E79C12 /* Build configuration list for PBXProject "tvs" */ = {
			isa = XCConfigurationList;
			buildConfigurations = (
				CE9893A21A2C8ED300E79C12 /* Debug */,
				CE9893A31A2C8ED300E79C12 /* Release */,
			);
			defaultConfigurationIsVisible = 0;
			defaultConfigurationName = Release;
		};
		CEA6B4191A67DF280047EF8F /* Build configuration list for PBXNativeTarget "search_vis" */ = {
			isa = XCConfigurationList;
			buildConfigurations = (
				CEA6B41A1A67DF280047EF8F /* Debug */,
				CEA6B41B1A67DF280047EF8F /* Release */,
			);
			defaultConfigurationIsVisible = 0;
		};
/* End XCConfigurationList section */
	};
	rootObject = CE9893951A2C8ED300E79C12 /* Project object */;
}
